
Microsoft Visual Studio Solution File, Format Version 12.00
# Visual Studio Version 16
VisualStudioVersion = 16.0.29911.84
MinimumVisualStudioVersion = 10.0.40219.1
Project("{9A19103F-16F7-4668-BE54-9A1E7A4F7556}") = "ModernWarfare.Net", "ModernWarfare.Net\ModernWarfare.Net.csproj", "{916D932E-4A1D-49F9-9CFA-9940E7B43BD8}"
EndProject
Project("{9A19103F-16F7-4668-BE54-9A1E7A4F7556}") = "ModernWarfare.Net.Tests", "ModernWarfare.Net.Tests\ModernWarfare.Net.Tests.csproj", "{B5BF44B4-8E8A-4BD7-AA9D-5CADD4D74C4F}"
EndProject
Global
	GlobalSection(SolutionConfigurationPlatforms) = preSolution
		Debug|Any CPU = Debug|Any CPU
		Release|Any CPU = Release|Any CPU
	EndGlobalSection
	GlobalSection(ProjectConfigurationPlatforms) = postSolution
		{916D932E-4A1D-49F9-9CFA-9940E7B43BD8}.Debug|Any CPU.ActiveCfg = Debug|Any CPU
		{916D932E-4A1D-49F9-9CFA-9940E7B43BD8}.Debug|Any CPU.Build.0 = Debug|Any CPU
		{916D932E-4A1D-49F9-9CFA-9940E7B43BD8}.Release|Any CPU.ActiveCfg = Release|Any CPU
		{916D932E-4A1D-49F9-9CFA-9940E7B43BD8}.Release|Any CPU.Build.0 = Release|Any CPU
		{B5BF44B4-8E8A-4BD7-AA9D-5CADD4D74C4F}.Debug|Any CPU.ActiveCfg = Debug|Any CPU
		{B5BF44B4-8E8A-4BD7-AA9D-5CADD4D74C4F}.Debug|Any CPU.Build.0 = Debug|Any CPU
		{B5BF44B4-8E8A-4BD7-AA9D-5CADD4D74C4F}.Release|Any CPU.ActiveCfg = Release|Any CPU
		{B5BF44B4-8E8A-4BD7-AA9D-5CADD4D74C4F}.Release|Any CPU.Build.0 = Release|Any CPU
	EndGlobalSection
	GlobalSection(SolutionProperties) = preSolution
		HideSolutionNode = FALSE
	EndGlobalSection
	GlobalSection(ExtensibilityGlobals) = postSolution
		SolutionGuid = {1BA8AA2A-5FE0-40A7-AB70-F62ADF9C2BE0}
	EndGlobalSection
EndGlobal
